
Microsoft Visual Studio Solution File, Format Version 12.00
# Visual Studio Version 17
VisualStudioVersion = 17.1.32210.238
MinimumVisualStudioVersion = 10.0.40219.1
Project("{9A19103F-16F7-4668-BE54-9A1E7A4F7556}") = "RedisAPI", "RedisAPI.csproj", "{B315F592-1957-45F2-AC1C-902AF3206198}"
EndProject
Global
	GlobalSection(SolutionConfigurationPlatforms) = preSolution
		Debug|Any CPU = Debug|Any CPU
		Release|Any CPU = Release|Any CPU
	EndGlobalSection
	GlobalSection(ProjectConfigurationPlatforms) = postSolution
		{B315F592-1957-45F2-AC1C-902AF3206198}.Debug|Any CPU.ActiveCfg = Debug|Any CPU
		{B315F592-1957-45F2-AC1C-902AF3206198}.Debug|Any CPU.Build.0 = Debug|Any CPU
		{B315F592-1957-45F2-AC1C-902AF3206198}.Release|Any CPU.ActiveCfg = Release|Any CPU
		{B315F592-1957-45F2-AC1C-902AF3206198}.Release|Any CPU.Build.0 = Release|Any CPU
	EndGlobalSection
	GlobalSection(SolutionProperties) = preSolution
		HideSolutionNode = FALSE
	EndGlobalSection
	GlobalSection(ExtensibilityGlobals) = postSolution
		SolutionGuid = {C4A2D034-63EC-4378-99EC-7EE16DB1448C}
	EndGlobalSection
EndGlobal
